
Microsoft Visual Studio Solution File, Format Version 12.00
# Visual Studio Version 16
VisualStudioVersion = 16.0.32630.194
MinimumVisualStudioVersion = 10.0.40219.1
Project("{9A19103F-16F7-4668-BE54-9A1E7A4F7556}") = "CreditCardAPI", "CreditCardAPI\CreditCardAPI.csproj", "{01F315F7-E41F-475F-A6C3-F35815039A65}"
EndProject
Project("{9A19103F-16F7-4668-BE54-9A1E7A4F7556}") = "CreditCardBL", "CreditCardBL\CreditCardBL.csproj", "{DE103C50-8D62-40EB-9CE5-17F6F152D28D}"
EndProject
Project("{9A19103F-16F7-4668-BE54-9A1E7A4F7556}") = "CreditCardCore", "CreditCardCore\CreditCardCore.csproj", "{43903AD1-69BA-41B3-A9D6-85B285D2EC91}"
EndProject
Project("{2150E333-8FDC-42A3-9474-1A3956D46DE8}") = "Solution Items", "Solution Items", "{8E2EB160-CCD5-4A8E-A2B9-AF455A0428F3}"
	ProjectSection(SolutionItems) = preProject
		.gitignore = .gitignore
	EndProjectSection
EndProject
Global
	GlobalSection(SolutionConfigurationPlatforms) = preSolution
		Debug|Any CPU = Debug|Any CPU
		Release|Any CPU = Release|Any CPU
	EndGlobalSection
	GlobalSection(ProjectConfigurationPlatforms) = postSolution
		{01F315F7-E41F-475F-A6C3-F35815039A65}.Debug|Any CPU.ActiveCfg = Debug|Any CPU
		{01F315F7-E41F-475F-A6C3-F35815039A65}.Debug|Any CPU.Build.0 = Debug|Any CPU
		{01F315F7-E41F-475F-A6C3-F35815039A65}.Release|Any CPU.ActiveCfg = Release|Any CPU
		{01F315F7-E41F-475F-A6C3-F35815039A65}.Release|Any CPU.Build.0 = Release|Any CPU
		{DE103C50-8D62-40EB-9CE5-17F6F152D28D}.Debug|Any CPU.ActiveCfg = Debug|Any CPU
		{DE103C50-8D62-40EB-9CE5-17F6F152D28D}.Debug|Any CPU.Build.0 = Debug|Any CPU
		{DE103C50-8D62-40EB-9CE5-17F6F152D28D}.Release|Any CPU.ActiveCfg = Release|Any CPU
		{DE103C50-8D62-40EB-9CE5-17F6F152D28D}.Release|Any CPU.Build.0 = Release|Any CPU
		{43903AD1-69BA-41B3-A9D6-85B285D2EC91}.Debug|Any CPU.ActiveCfg = Debug|Any CPU
		{43903AD1-69BA-41B3-A9D6-85B285D2EC91}.Debug|Any CPU.Build.0 = Debug|Any CPU
		{43903AD1-69BA-41B3-A9D6-85B285D2EC91}.Release|Any CPU.ActiveCfg = Release|Any CPU
		{43903AD1-69BA-41B3-A9D6-85B285D2EC91}.Release|Any CPU.Build.0 = Release|Any CPU
	EndGlobalSection
	GlobalSection(SolutionProperties) = preSolution
		HideSolutionNode = FALSE
	EndGlobalSection
	GlobalSection(ExtensibilityGlobals) = postSolution
		SolutionGuid = {20145EAD-EDE3-4DD7-AA25-BEF71C99D639}
	EndGlobalSection
EndGlobal
